{
  "name": "worker-kv-test-harness",
  "version": "1.0.0",
  "lockfileVersion": 1,
  "requires": true,
  "dependencies": {
    "@cloudflare/workers-types": {
      "version": "2.2.2",
      "resolved": "https://registry.npmjs.org/@cloudflare/workers-types/-/workers-types-2.2.2.tgz",
      "integrity": "sha512-kaMn2rueJ0PL1TYVGknTCh0X0x0d9G+FNXAFep7/4uqecEZoQb/63o6rOmMuiqI09zLuHV6xhKRXinokV/MY9A==",
      "dev": true
    },
    "@iarna/toml": {
      "version": "2.2.5",
      "resolved": "https://registry.npmjs.org/@iarna/toml/-/toml-2.2.5.tgz",
      "integrity": "sha512-trnsAYxU3xnS1gPHPyU961coFyLkh4gAD/0zQ5mymY4yOZ+CYvsPqUbOFSw0aDM4y0tV7tiFxL/1XfXPNC6IPg==",
      "dev": true
    },
    "@mrbbot/node-fetch": {
      "version": "4.6.0",
      "resolved": "https://registry.npmjs.org/@mrbbot/node-fetch/-/node-fetch-4.6.0.tgz",
      "integrity": "sha512-GTSOdhpiUnJ9a+XK90NUiqCqOmqXOUU4tqg8WbpZW+nEUTJ4dF3QZ4xhfWg5bqYPagIh/e9r5HxGrftzmulbmw==",
      "dev": true,
      "requires": {
        "@cloudflare/workers-types": "^2.2.2",
        "busboy": "^0.3.1",
        "formdata-node": "^2.4.0",
        "web-streams-polyfill": "^3.0.1"
      }
    },
    "@nodelib/fs.scandir": {
      "version": "2.1.5",
      "resolved": "https://registry.npmjs.org/@nodelib/fs.scandir/-/fs.scandir-2.1.5.tgz",
      "integrity": "sha512-vq24Bq3ym5HEQm2NKCr3yXDwjc7vTsEThRDnkp2DK9p1uqLR+DHurm/NOTo0KG7HYHU7eppKZj3MyqYuMBf62g==",
      "dev": true,
      "requires": {
        "@nodelib/fs.stat": "2.0.5",
        "run-parallel": "^1.1.9"
      }
    },
    "@nodelib/fs.stat": {
      "version": "2.0.5",
      "resolved": "https://registry.npmjs.org/@nodelib/fs.stat/-/fs.stat-2.0.5.tgz",
      "integrity": "sha512-RkhPPp2zrqDAQA/2jNhnztcPAlv64XdhIp7a7454A5ovI7Bukxgt7MX7udwAu3zg1DcpPU0rz3VV1SeaqvY4+A==",
      "dev": true
    },
    "@nodelib/fs.walk": {
      "version": "1.2.8",
      "resolved": "https://registry.npmjs.org/@nodelib/fs.walk/-/fs.walk-1.2.8.tgz",
      "integrity": "sha512-oGB+UxlgWcgQkgwo8GcEGwemoTFt3FIO9ababBmaGwXIoBKZ+GTy0pP185beGg7Llih/NSHSV2XAs1lnznocSg==",
      "dev": true,
      "requires": {
        "@nodelib/fs.scandir": "2.1.5",
        "fastq": "^1.6.0"
      }
    },
    "@peculiar/asn1-schema": {
      "version": "2.0.38",
      "resolved": "https://registry.npmjs.org/@peculiar/asn1-schema/-/asn1-schema-2.0.38.tgz",
      "integrity": "sha512-zZ64UpCTm9me15nuCpPgJghSdbEm8atcDQPCyK+bKXjZAQ1735NCZXCSCfbckbQ4MH36Rm9403n/qMq77LFDzQ==",
      "dev": true,
      "requires": {
        "@types/asn1js": "^2.0.2",
        "asn1js": "^2.1.1",
        "pvtsutils": "^1.2.0",
        "tslib": "^2.3.0"
      }
    },
    "@peculiar/json-schema": {
      "version": "1.1.12",
      "resolved": "https://registry.npmjs.org/@peculiar/json-schema/-/json-schema-1.1.12.tgz",
      "integrity": "sha512-coUfuoMeIB7B8/NMekxaDzLhaYmp0HZNPEjYRm9goRou8UZIC3z21s0sL9AWoCw4EG876QyO3kYrc61WNF9B/w==",
      "dev": true,
      "requires": {
        "tslib": "^2.0.0"
      }
    },
    "@peculiar/webcrypto": {
      "version": "1.1.7",
      "resolved": "https://registry.npmjs.org/@peculiar/webcrypto/-/webcrypto-1.1.7.tgz",
      "integrity": "sha512-aCNLYdHZkvGH+T8/YBOY33jrVGVuLIa3bpizeHXqwN+P4ZtixhA+kxEEWM1amZwUY2nY/iuj+5jdZn/zB7EPPQ==",
      "dev": true,
      "requires": {
        "@peculiar/asn1-schema": "^2.0.32",
        "@peculiar/json-schema": "^1.1.12",
        "pvtsutils": "^1.1.6",
        "tslib": "^2.2.0",
        "webcrypto-core": "^1.2.0"
      }
    },
    "@types/asn1js": {
      "version": "2.0.2",
      "resolved": "https://registry.npmjs.org/@types/asn1js/-/asn1js-2.0.2.tgz",
      "integrity": "sha512-t4YHCgtD+ERvH0FyxvNlYwJ2ezhqw7t+Ygh4urQ7dJER8i185JPv6oIM3ey5YQmGN6Zp9EMbpohkjZi9t3UxwA==",
      "dev": true
    },
    "@types/node": {
      "version": "15.14.9",
      "resolved": "https://registry.npmjs.org/@types/node/-/node-15.14.9.tgz",
      "integrity": "sha512-qjd88DrCxupx/kJD5yQgZdcYKZKSIGBVDIBE1/LTGcNm3d2Np/jxojkdePDdfnBHJc5W7vSMpbJ1aB7p/Py69A==",
      "dev": true
    },
    "@types/stack-trace": {
      "version": "0.0.29",
      "resolved": "https://registry.npmjs.org/@types/stack-trace/-/stack-trace-0.0.29.tgz",
      "integrity": "sha512-TgfOX+mGY/NyNxJLIbDWrO9DjGoVSW9+aB8H2yy1fy32jsvxijhmyJI9fDFgvz3YP4lvJaq9DzdR/M1bOgVc9g==",
      "dev": true
    },
    "@wessberg/stringutil": {
      "version": "1.0.19",
      "resolved": "https://registry.npmjs.org/@wessberg/stringutil/-/stringutil-1.0.19.tgz",
      "integrity": "sha512-9AZHVXWlpN8Cn9k5BC/O0Dzb9E9xfEMXzYrNunwvkUTvuK7xgQPVRZpLo+jWCOZ5r8oBa8NIrHuPEu1hzbb6bg==",
      "dev": true
    },
    "ansi-regex": {
      "version": "5.0.0",
      "resolved": "https://registry.npmjs.org/ansi-regex/-/ansi-regex-5.0.0.tgz",
      "integrity": "sha512-bY6fj56OUQ0hU1KjFNDQuJFezqKdrAyFdIevADiqrWHwSlbmBNMHp5ak2f40Pm8JTFyM2mqxkG6ngkHO11f/lg==",
      "dev": true
    },
    "ansi-styles": {
      "version": "4.3.0",
      "resolved": "https://registry.npmjs.org/ansi-styles/-/ansi-styles-4.3.0.tgz",
      "integrity": "sha512-zbB9rCJAT1rbjiVDb2hqKFHNYLxgtk8NURxZ3IZwD3F6NtxbXZQCnnSi1Lkx+IDohdPlFp222wVALIheZJQSEg==",
      "dev": true,
      "requires": {
        "color-convert": "^2.0.1"
      }
    },
    "anymatch": {
      "version": "3.1.2",
      "resolved": "https://registry.npmjs.org/anymatch/-/anymatch-3.1.2.tgz",
      "integrity": "sha512-P43ePfOAIupkguHUycrc4qJ9kz8ZiuOUijaETwX7THt0Y/GNK7v0aa8rY816xWjZ7rJdA5XdMcpVFTKMq+RvWg==",
      "dev": true,
      "requires": {
        "normalize-path": "^3.0.0",
        "picomatch": "^2.0.4"
      }
    },
    "asn1js": {
      "version": "2.1.1",
      "resolved": "https://registry.npmjs.org/asn1js/-/asn1js-2.1.1.tgz",
      "integrity": "sha512-t9u0dU0rJN4ML+uxgN6VM2Z4H5jWIYm0w8LsZLzMJaQsgL3IJNbxHgmbWDvJAwspyHpDFuzUaUFh4c05UB4+6g==",
      "dev": true,
      "requires": {
        "pvutils": "^1.0.17"
      }
    },
    "base64-arraybuffer-es6": {
      "version": "0.7.0",
      "resolved": "https://registry.npmjs.org/base64-arraybuffer-es6/-/base64-arraybuffer-es6-0.7.0.tgz",
      "integrity": "sha512-ESyU/U1CFZDJUdr+neHRhNozeCv72Y7Vm0m1DCbjX3KBjT6eYocvAJlSk6+8+HkVwXlT1FNxhGW6q3UKAlCvvw==",
      "dev": true
    },
    "binary-extensions": {
      "version": "2.2.0",
      "resolved": "https://registry.npmjs.org/binary-extensions/-/binary-extensions-2.2.0.tgz",
      "integrity": "sha512-jDctJ/IVQbZoJykoeHbhXpOlNBqGNcwXJKJog42E5HDPUwQTSdjCHdihjj0DlnheQ7blbT6dHOafNAiS8ooQKA==",
      "dev": true
    },
    "braces": {
      "version": "3.0.2",
      "resolved": "https://registry.npmjs.org/braces/-/braces-3.0.2.tgz",
      "integrity": "sha512-b8um+L1RzM3WDSzvhm6gIz1yfTbBt6YTlcEKAvsmqCZZFw46z626lVj9j1yEPW33H5H+lBQpZMP1k8l+78Ha0A==",
      "dev": true,
      "requires": {
        "fill-range": "^7.0.1"
      }
    },
    "buffer-from": {
      "version": "1.1.2",
      "resolved": "https://registry.npmjs.org/buffer-from/-/buffer-from-1.1.2.tgz",
      "integrity": "sha512-E+XQCRwSbaaiChtv6k6Dwgc+bx+Bs6vuKJHHl5kox/BaKbhiXzqQOwK4cO22yElGp2OCmjwVhT3HmxgyPGnJfQ==",
      "dev": true
    },
    "busboy": {
      "version": "0.3.1",
      "resolved": "https://registry.npmjs.org/busboy/-/busboy-0.3.1.tgz",
      "integrity": "sha512-y7tTxhGKXcyBxRKAni+awqx8uqaJKrSFSNFSeRG5CsWNdmy2BIK+6VGWEW7TZnIO/533mtMEA4rOevQV815YJw==",
      "dev": true,
      "requires": {
        "dicer": "0.3.0"
      }
    },
    "chalk": {
      "version": "4.1.2",
      "resolved": "https://registry.npmjs.org/chalk/-/chalk-4.1.2.tgz",
      "integrity": "sha512-oKnbhFyRIXpUuez8iBMmyEa4nbj4IOQyuhc/wy9kY7/WVPcwIO9VA668Pu8RkO7+0G76SLROeyw9CpQ061i4mA==",
      "dev": true,
      "requires": {
        "ansi-styles": "^4.1.0",
        "supports-color": "^7.1.0"
      }
    },
    "chokidar": {
      "version": "3.5.2",
      "resolved": "https://registry.npmjs.org/chokidar/-/chokidar-3.5.2.tgz",
      "integrity": "sha512-ekGhOnNVPgT77r4K/U3GDhu+FQ2S8TnK/s2KbIGXi0SZWuwkZ2QNyfWdZW+TVfn84DpEP7rLeCt2UI6bJ8GwbQ==",
      "dev": true,
      "requires": {
        "anymatch": "~3.1.2",
        "braces": "~3.0.2",
        "fsevents": "~2.3.2",
        "glob-parent": "~5.1.2",
        "is-binary-path": "~2.1.0",
        "is-glob": "~4.0.1",
        "normalize-path": "~3.0.0",
        "readdirp": "~3.6.0"
      }
    },
    "cjstoesm": {
      "version": "1.1.4",
      "resolved": "https://registry.npmjs.org/cjstoesm/-/cjstoesm-1.1.4.tgz",
      "integrity": "sha512-cixLJwK2HS8R8J1jJcYwlrLxWUbdNms5EmVQuvP3O0CGvHNv2WVd2gnqTP/tbTEYzbgWiSYQBZDoAakqsSl94Q==",
      "dev": true,
      "requires": {
        "@wessberg/stringutil": "^1.0.19",
        "chalk": "^4.1.1",
        "commander": "^7.2.0",
        "compatfactory": "^0.0.6",
        "crosspath": "^0.0.8",
        "fast-glob": "^3.2.5",
        "helpertypes": "^0.0.2",
        "reserved-words": "^0.1.2",
        "resolve": "^1.20.0"
      }
    },
    "cliui": {
      "version": "7.0.4",
      "resolved": "https://registry.npmjs.org/cliui/-/cliui-7.0.4.tgz",
      "integrity": "sha512-OcRE68cOsVMXp1Yvonl/fzkQOyjLSu/8bhPDfQt0e0/Eb283TKP20Fs2MqoPsr9SwA595rRCA+QMzYc9nBP+JQ==",
      "dev": true,
      "requires": {
        "string-width": "^4.2.0",
        "strip-ansi": "^6.0.0",
        "wrap-ansi": "^7.0.0"
      }
    },
    "cluster-key-slot": {
      "version": "1.1.0",
      "resolved": "https://registry.npmjs.org/cluster-key-slot/-/cluster-key-slot-1.1.0.tgz",
      "integrity": "sha512-2Nii8p3RwAPiFwsnZvukotvow2rIHM+yQ6ZcBXGHdniadkYGZYiGmkHJIbZPIV9nfv7m/U1IPMVVcAhoWFeklw==",
      "dev": true
    },
    "color-convert": {
      "version": "2.0.1",
      "resolved": "https://registry.npmjs.org/color-convert/-/color-convert-2.0.1.tgz",
      "integrity": "sha512-RRECPsj7iu/xb5oKYcsFHSppFNnsj/52OVTRKb4zP5onXwVF3zVmmToNcOfGC+CRDpfK/U584fMg38ZHCaElKQ==",
      "dev": true,
      "requires": {
        "color-name": "~1.1.4"
      }
    },
    "color-name": {
      "version": "1.1.4",
      "resolved": "https://registry.npmjs.org/color-name/-/color-name-1.1.4.tgz",
      "integrity": "sha512-dOy+3AuW3a2wNbZHIuMZpTcgjGuLU/uBL/ubcZF9OXbDo8ff4O8yVp5Bf0efS8uEoYo5q4Fx7dY9OgQGXgAsQA==",
      "dev": true
    },
    "commander": {
      "version": "7.2.0",
      "resolved": "https://registry.npmjs.org/commander/-/commander-7.2.0.tgz",
      "integrity": "sha512-QrWXB+ZQSVPmIWIhtEO9H+gwHaMGYiF5ChvoJ+K9ZGHG/sVsa6yiesAD1GC/x46sET00Xlwo1u49RVVVzvcSkw==",
      "dev": true
    },
    "compatfactory": {
      "version": "0.0.6",
      "resolved": "https://registry.npmjs.org/compatfactory/-/compatfactory-0.0.6.tgz",
      "integrity": "sha512-F1LpdNxgxay4UdanmeL75+guJPDg2zu8bFZDVih/kse5hA3oa+aMgvk4tLwq7AFBpy3S0ilnPdSfYsTl/L9NXA==",
      "dev": true,
      "requires": {
        "helpertypes": "^0.0.2"
      }
    },
    "cookie": {
      "version": "0.4.1",
      "resolved": "https://registry.npmjs.org/cookie/-/cookie-0.4.1.tgz",
      "integrity": "sha512-ZwrFkGJxUR3EIoXtO+yVE69Eb7KlixbaeAWfBQB9vVsNn/o+Yw69gBWSSDK825hQNdN+wF8zELf3dFNl/kxkUA==",
      "dev": true
    },
    "crosspath": {
      "version": "0.0.8",
      "resolved": "https://registry.npmjs.org/crosspath/-/crosspath-0.0.8.tgz",
      "integrity": "sha512-IKlS3MpP0fhJ50M6ltyLO7Q4NzwfhafpmolMH0EDKyyaY81HutF2mH4hLpCdm3fKZ/TSTW5qPIdTy62YnefEyQ==",
      "dev": true,
      "requires": {
        "@types/node": "^15.6.1"
      }
    },
    "debug": {
      "version": "4.3.2",
      "resolved": "https://registry.npmjs.org/debug/-/debug-4.3.2.tgz",
      "integrity": "sha512-mOp8wKcvj7XxC78zLgw/ZA+6TSgkoE2C/ienthhRD298T7UNwAg9diBpLRxC0mOezLl4B0xV7M0cCO6P/O0Xhw==",
      "dev": true,
      "requires": {
        "ms": "2.1.2"
      }
    },
    "denque": {
      "version": "1.5.1",
      "resolved": "https://registry.npmjs.org/denque/-/denque-1.5.1.tgz",
      "integrity": "sha512-XwE+iZ4D6ZUB7mfYRMb5wByE8L74HCn30FBN7sWnXksWc1LO1bPDl67pBR9o/kC4z/xSNAwkMYcGgqDV3BE3Hw==",
      "dev": true
    },
    "dicer": {
      "version": "0.3.0",
      "resolved": "https://registry.npmjs.org/dicer/-/dicer-0.3.0.tgz",
      "integrity": "sha512-MdceRRWqltEG2dZqO769g27N/3PXfcKl04VhYnBlo2YhH7zPi88VebsjTKclaOyiuMaGU72hTfw3VkUitGcVCA==",
      "dev": true,
      "requires": {
        "streamsearch": "0.1.2"
      }
    },
    "dotenv": {
      "version": "8.6.0",
      "resolved": "https://registry.npmjs.org/dotenv/-/dotenv-8.6.0.tgz",
      "integrity": "sha512-IrPdXQsk2BbzvCBGBOTmmSH5SodmqZNt4ERAZDmW4CT+tL8VtvinqywuANaFu4bOMWki16nqf0e4oC0QIaDr/g==",
      "dev": true
    },
    "emoji-regex": {
      "version": "8.0.0",
      "resolved": "https://registry.npmjs.org/emoji-regex/-/emoji-regex-8.0.0.tgz",
      "integrity": "sha512-MSjYzcWNOA0ewAHpz0MxpYFvwg6yjy1NG3xteoqz644VCo/RPgnr1/GGt+ic3iJTzQ8Eu3TdM14SawnVUmGE6A==",
      "dev": true
    },
    "env-paths": {
      "version": "2.2.1",
      "resolved": "https://registry.npmjs.org/env-paths/-/env-paths-2.2.1.tgz",
      "integrity": "sha512-+h1lkLKhZMTYjog1VEpJNG7NZJWcuc2DDk/qsqSTRRCOXiLjeQ1d1/udrUGhqMxUgAlwKNZ0cf2uqan5GLuS2A==",
      "dev": true
    },
    "escalade": {
      "version": "3.1.1",
      "resolved": "https://registry.npmjs.org/escalade/-/escalade-3.1.1.tgz",
      "integrity": "sha512-k0er2gUkLf8O0zKJiAhmkTnJlTvINGv7ygDNPbeIsX/TJjGJZHuh9B2UxbsaEkmlEo9MfhrSzmhIlhRlI2GXnw==",
      "dev": true
    },
    "event-target-shim": {
      "version": "6.0.2",
      "resolved": "https://registry.npmjs.org/event-target-shim/-/event-target-shim-6.0.2.tgz",
      "integrity": "sha512-8q3LsZjRezbFZ2PN+uP+Q7pnHUMmAOziU2vA2OwoFaKIXxlxl38IylhSSgUorWu/rf4er67w0ikBqjBFk/pomA==",
      "dev": true
    },
    "fast-glob": {
      "version": "3.2.7",
      "resolved": "https://registry.npmjs.org/fast-glob/-/fast-glob-3.2.7.tgz",
      "integrity": "sha512-rYGMRwip6lUMvYD3BTScMwT1HtAs2d71SMv66Vrxs0IekGZEjhM0pcMfjQPnknBt2zeCwQMEupiN02ZP4DiT1Q==",
      "dev": true,
      "requires": {
        "@nodelib/fs.stat": "^2.0.2",
        "@nodelib/fs.walk": "^1.2.3",
        "glob-parent": "^5.1.2",
        "merge2": "^1.3.0",
        "micromatch": "^4.0.4"
      }
    },
    "fastq": {
      "version": "1.13.0",
      "resolved": "https://registry.npmjs.org/fastq/-/fastq-1.13.0.tgz",
      "integrity": "sha512-YpkpUnK8od0o1hmeSc7UUs/eB/vIPWJYjKck2QKIzAf71Vm1AAQ3EbuZB3g2JIy+pg+ERD0vqI79KyZiB2e2Nw==",
      "dev": true,
      "requires": {
        "reusify": "^1.0.4"
      }
    },
    "fill-range": {
      "version": "7.0.1",
      "resolved": "https://registry.npmjs.org/fill-range/-/fill-range-7.0.1.tgz",
      "integrity": "sha512-qOo9F+dMUmC2Lcb4BbVvnKJxTPjCm+RRpe4gDuGrzkL7mEVl/djYSu2OdQ2Pa302N4oqkSg9ir6jaLWJ2USVpQ==",
      "dev": true,
      "requires": {
        "to-regex-range": "^5.0.1"
      }
    },
    "formdata-node": {
      "version": "2.5.0",
      "resolved": "https://registry.npmjs.org/formdata-node/-/formdata-node-2.5.0.tgz",
      "integrity": "sha512-JFSNLq34u2Tqc6F034x5aaK3ksIfrDBMPie8b4KYx2/pVDLxWFXDly52dsvHjZ+A0LGHTZb/w4HBZVdgN74RTw==",
      "dev": true,
      "requires": {
        "mime-types": "2.1.29"
      }
    },
    "fsevents": {
      "version": "2.3.2",
      "resolved": "https://registry.npmjs.org/fsevents/-/fsevents-2.3.2.tgz",
      "integrity": "sha512-xiqMQR4xAeHTuB9uWm+fFRcIOgKBMiOBP+eXiyT7jsgVCq1bkVygt00oASowB7EdtpOHaaPgKt812P9ab+DDKA==",
      "dev": true,
      "optional": true
    },
    "function-bind": {
      "version": "1.1.1",
      "resolved": "https://registry.npmjs.org/function-bind/-/function-bind-1.1.1.tgz",
      "integrity": "sha512-yIovAzMX49sF8Yl58fSCWJ5svSLuaibPxXQJFLmBObTuCr0Mf1KiPopGM9NiFjiYBCbfaa2Fh6breQ6ANVTI0A==",
      "dev": true
    },
    "get-caller-file": {
      "version": "2.0.5",
      "resolved": "https://registry.npmjs.org/get-caller-file/-/get-caller-file-2.0.5.tgz",
      "integrity": "sha512-DyFP3BM/3YHTQOCUL/w0OZHR0lpKeGrxotcHWcqNEdnltqFwXVfhEBQ94eIo34AfQpo0rGki4cyIiftY06h2Fg==",
      "dev": true
    },
    "glob-parent": {
      "version": "5.1.2",
      "resolved": "https://registry.npmjs.org/glob-parent/-/glob-parent-5.1.2.tgz",
      "integrity": "sha512-AOIgSQCepiJYwP3ARnGx+5VnTu2HBYdzbGP45eLw1vr3zB3vZLeyed1sC9hnbcOc9/SrMyM5RPQrkGz4aS9Zow==",
      "dev": true,
      "requires": {
        "is-glob": "^4.0.1"
      }
    },
    "has": {
      "version": "1.0.3",
      "resolved": "https://registry.npmjs.org/has/-/has-1.0.3.tgz",
      "integrity": "sha512-f2dvO0VU6Oej7RkWJGrehjbzMAjFp5/VKPp5tTpWIV4JHHZK1/BxbFRtf/siA2SWTe09caDmVtYYzWEIbBS4zw==",
      "dev": true,
      "requires": {
        "function-bind": "^1.1.1"
      }
    },
    "has-flag": {
      "version": "4.0.0",
      "resolved": "https://registry.npmjs.org/has-flag/-/has-flag-4.0.0.tgz",
      "integrity": "sha512-EykJT/Q1KjTWctppgIAgfSO0tKVuZUjhgMr17kqTumMl6Afv3EISleU7qZUzoXDFTAHTDC4NOoG/ZxU3EvlMPQ==",
      "dev": true
    },
    "helpertypes": {
      "version": "0.0.2",
      "resolved": "https://registry.npmjs.org/helpertypes/-/helpertypes-0.0.2.tgz",
      "integrity": "sha512-PKVtWnJ+dcvPeUJRiqtbraN/Hr2rNEnS14T/IxDBb0KgHkAL5w4YwVxMEPowA9vyoMP0DrwO0TxJ+KH3UF/6YA==",
      "dev": true
    },
    "html-rewriter-wasm": {
      "version": "0.3.2",
      "resolved": "https://registry.npmjs.org/html-rewriter-wasm/-/html-rewriter-wasm-0.3.2.tgz",
      "integrity": "sha512-b+pOh+bs00uRVNIZoTgGBREjUKN47pchTNwkxKuP4ecQTFcOA6KJIW+jjvjjXrkSRURZsideLxFKqX7hnxdegQ==",
      "dev": true
    },
    "http-cache-semantics": {
      "version": "4.1.0",
      "resolved": "https://registry.npmjs.org/http-cache-semantics/-/http-cache-semantics-4.1.0.tgz",
      "integrity": "sha512-carPklcUh7ROWRK7Cv27RPtdhYhUsela/ue5/jKzjegVvXDqM2ILE9Q2BGn9JZJh1g87cp56su/FgQSzcWS8cQ==",
      "dev": true
    },
    "ioredis": {
      "version": "4.27.9",
      "resolved": "https://registry.npmjs.org/ioredis/-/ioredis-4.27.9.tgz",
      "integrity": "sha512-hAwrx9F+OQ0uIvaJefuS3UTqW+ByOLyLIV+j0EH8ClNVxvFyH9Vmb08hCL4yje6mDYT5zMquShhypkd50RRzkg==",
      "dev": true,
      "requires": {
        "cluster-key-slot": "^1.1.0",
        "debug": "^4.3.1",
        "denque": "^1.1.0",
        "lodash.defaults": "^4.2.0",
        "lodash.flatten": "^4.4.0",
        "lodash.isarguments": "^3.1.0",
        "p-map": "^2.1.0",
        "redis-commands": "1.7.0",
        "redis-errors": "^1.2.0",
        "redis-parser": "^3.0.0",
        "standard-as-callback": "^2.1.0"
      }
    },
    "is-binary-path": {
      "version": "2.1.0",
      "resolved": "https://registry.npmjs.org/is-binary-path/-/is-binary-path-2.1.0.tgz",
      "integrity": "sha512-ZMERYes6pDydyuGidse7OsHxtbI7WVeUEozgR/g7rd0xUimYNlvZRE/K2MgZTjWy725IfelLeVcEM97mmtRGXw==",
      "dev": true,
      "requires": {
        "binary-extensions": "^2.0.0"
      }
    },
    "is-core-module": {
      "version": "2.6.0",
      "resolved": "https://registry.npmjs.org/is-core-module/-/is-core-module-2.6.0.tgz",
      "integrity": "sha512-wShG8vs60jKfPWpF2KZRaAtvt3a20OAn7+IJ6hLPECpSABLcKtFKTTI4ZtH5QcBruBHlq+WsdHWyz0BCZW7svQ==",
      "dev": true,
      "requires": {
        "has": "^1.0.3"
      }
    },
    "is-extglob": {
      "version": "2.1.1",
      "resolved": "https://registry.npmjs.org/is-extglob/-/is-extglob-2.1.1.tgz",
      "integrity": "sha1-qIwCU1eR8C7TfHahueqXc8gz+MI=",
      "dev": true
    },
    "is-fullwidth-code-point": {
      "version": "3.0.0",
      "resolved": "https://registry.npmjs.org/is-fullwidth-code-point/-/is-fullwidth-code-point-3.0.0.tgz",
      "integrity": "sha512-zymm5+u+sCsSWyD9qNaejV3DFvhCKclKdizYaJUuHA83RLjb7nSuGnddCHGv0hk+KY7BMAlsWeK4Ueg6EV6XQg==",
      "dev": true
    },
    "is-glob": {
      "version": "4.0.1",
      "resolved": "https://registry.npmjs.org/is-glob/-/is-glob-4.0.1.tgz",
      "integrity": "sha512-5G0tKtBTFImOqDnLB2hG6Bp2qcKEFduo4tZu9MT/H6NQv/ghhy30o55ufafxJ/LdH79LLs2Kfrn85TLKyA7BUg==",
      "dev": true,
      "requires": {
        "is-extglob": "^2.1.1"
      }
    },
    "is-number": {
      "version": "7.0.0",
      "resolved": "https://registry.npmjs.org/is-number/-/is-number-7.0.0.tgz",
      "integrity": "sha512-41Cifkg6e8TylSpdtTpeLVMqvSBEVzTttHvERD741+pnZ8ANv0004MRL43QKPDlK9cGvNp6NZWZUBlbGXYxxng==",
      "dev": true
    },
    "kleur": {
      "version": "4.1.4",
      "resolved": "https://registry.npmjs.org/kleur/-/kleur-4.1.4.tgz",
      "integrity": "sha512-8QADVssbrFjivHWQU7KkMgptGTl6WAcSdlbBPY4uNF+mWr6DGcKrvY2w4FQJoXch7+fKMjj0dRrL75vk3k23OA==",
      "dev": true
    },
    "lodash": {
      "version": "4.17.21",
      "resolved": "https://registry.npmjs.org/lodash/-/lodash-4.17.21.tgz",
      "integrity": "sha512-v2kDEe57lecTulaDIuNTPy3Ry4gLGJ6Z1O3vE1krgXZNrsQ+LFTGHVxVjcXPs17LhbZVGedAJv8XZ1tvj5FvSg==",
      "dev": true
    },
    "lodash.defaults": {
      "version": "4.2.0",
      "resolved": "https://registry.npmjs.org/lodash.defaults/-/lodash.defaults-4.2.0.tgz",
      "integrity": "sha1-0JF4cW/+pN3p5ft7N/bwgCJ0WAw=",
      "dev": true
    },
    "lodash.flatten": {
      "version": "4.4.0",
      "resolved": "https://registry.npmjs.org/lodash.flatten/-/lodash.flatten-4.4.0.tgz",
      "integrity": "sha1-8xwiIlqWMtK7+OSt2+8kCqdlph8=",
      "dev": true
    },
    "lodash.isarguments": {
      "version": "3.1.0",
      "resolved": "https://registry.npmjs.org/lodash.isarguments/-/lodash.isarguments-3.1.0.tgz",
      "integrity": "sha1-L1c9hcaiQon/AGY7SRwdM4/zRYo=",
      "dev": true
    },
    "merge2": {
      "version": "1.4.1",
      "resolved": "https://registry.npmjs.org/merge2/-/merge2-1.4.1.tgz",
      "integrity": "sha512-8q7VEgMJW4J8tcfVPy8g09NcQwZdbwFEqhe/WZkoIzjn/3TGDwtOCYtXGxA3O8tPzpczCCDgv+P2P5y00ZJOOg==",
      "dev": true
    },
    "micromatch": {
      "version": "4.0.4",
      "resolved": "https://registry.npmjs.org/micromatch/-/micromatch-4.0.4.tgz",
      "integrity": "sha512-pRmzw/XUcwXGpD9aI9q/0XOwLNygjETJ8y0ao0wdqprrzDa4YnxLcz7fQRZr8voh8V10kGhABbNcHVk5wHgWwg==",
      "dev": true,
      "requires": {
        "braces": "^3.0.1",
        "picomatch": "^2.2.3"
      }
    },
    "mime-db": {
      "version": "1.46.0",
      "resolved": "https://registry.npmjs.org/mime-db/-/mime-db-1.46.0.tgz",
      "integrity": "sha512-svXaP8UQRZ5K7or+ZmfNhg2xX3yKDMUzqadsSqi4NCH/KomcH75MAMYAGVlvXn4+b/xOPhS3I2uHKRUzvjY7BQ==",
      "dev": true
    },
    "mime-types": {
      "version": "2.1.29",
      "resolved": "https://registry.npmjs.org/mime-types/-/mime-types-2.1.29.tgz",
      "integrity": "sha512-Y/jMt/S5sR9OaqteJtslsFZKWOIIqMACsJSiHghlCAyhf7jfVYjKBmLiX8OgpWeW+fjJ2b+Az69aPFPkUOY6xQ==",
      "dev": true,
      "requires": {
        "mime-db": "1.46.0"
      }
    },
    "miniflare": {
      "version": "1.4.1",
      "resolved": "https://registry.npmjs.org/miniflare/-/miniflare-1.4.1.tgz",
      "integrity": "sha512-hJkMbTEM+sSiAo2yuPOucrdFYINLU7vvl9uVkRzAQ/h0CjmkYOCoyBn4jYzWtDZeQ0XrkyS6PGUCO277B5TsXA==",
      "dev": true,
      "requires": {
        "@iarna/toml": "^2.2.5",
        "@mrbbot/node-fetch": "^4.6.0",
        "@peculiar/webcrypto": "^1.1.4",
        "chokidar": "^3.5.1",
        "cjstoesm": "^1.1.4",
        "dotenv": "^8.2.0",
        "env-paths": "^2.2.1",
        "event-target-shim": "^6.0.2",
        "formdata-node": "^2.5.0",
        "html-rewriter-wasm": "^0.3.2",
        "http-cache-semantics": "^4.1.0",
        "ioredis": "^4.27.6",
        "kleur": "^4.1.4",
        "node-cron": "^2.0.3",
        "picomatch": "^2.3.0",
        "sanitize-filename": "^1.6.3",
        "selfsigned": "^1.10.11",
        "semiver": "^1.1.0",
        "source-map-support": "^0.5.19",
        "tslib": "^2.3.0",
        "typescript": "^4.3.4",
        "typeson": "^6.1.0",
        "typeson-registry": "^1.0.0-alpha.39",
        "web-streams-polyfill": "^3.1.0",
        "ws": "^7.5.0",
        "yargs": "^16.2.0",
        "youch": "^2.2.2"
      }
    },
    "ms": {
      "version": "2.1.2",
      "resolved": "https://registry.npmjs.org/ms/-/ms-2.1.2.tgz",
      "integrity": "sha512-sGkPx+VjMtmA6MX27oA4FBFELFCZZ4S4XqeGOXCv68tT+jb3vk/RyaKWP0PTKyWtmLSM0b+adUTEvbs1PEaH2w==",
      "dev": true
    },
    "mustache": {
      "version": "4.2.0",
      "resolved": "https://registry.npmjs.org/mustache/-/mustache-4.2.0.tgz",
      "integrity": "sha512-71ippSywq5Yb7/tVYyGbkBggbU8H3u5Rz56fH60jGFgr8uHwxs+aSKeqmluIVzM0m0kB7xQjKS6qPfd0b2ZoqQ==",
      "dev": true
    },
    "node-cron": {
      "version": "2.0.3",
      "resolved": "https://registry.npmjs.org/node-cron/-/node-cron-2.0.3.tgz",
      "integrity": "sha512-eJI+QitXlwcgiZwNNSRbqsjeZMp5shyajMR81RZCqeW0ZDEj4zU9tpd4nTh/1JsBiKbF8d08FCewiipDmVIYjg==",
      "dev": true,
      "requires": {
        "opencollective-postinstall": "^2.0.0",
        "tz-offset": "0.0.1"
      }
    },
    "node-forge": {
      "version": "0.10.0",
      "resolved": "https://registry.npmjs.org/node-forge/-/node-forge-0.10.0.tgz",
      "integrity": "sha512-PPmu8eEeG9saEUvI97fm4OYxXVB6bFvyNTyiUOBichBpFG8A1Ljw3bY62+5oOjDEMHRnd0Y7HQ+x7uzxOzC6JA==",
      "dev": true
    },
    "normalize-path": {
      "version": "3.0.0",
      "resolved": "https://registry.npmjs.org/normalize-path/-/normalize-path-3.0.0.tgz",
      "integrity": "sha512-6eZs5Ls3WtCisHWp9S2GUy8dqkpGi4BVSz3GaqiE6ezub0512ESztXUwUB6C6IKbQkY2Pnb/mD4WYojCRwcwLA==",
      "dev": true
    },
    "opencollective-postinstall": {
      "version": "2.0.3",
      "resolved": "https://registry.npmjs.org/opencollective-postinstall/-/opencollective-postinstall-2.0.3.tgz",
      "integrity": "sha512-8AV/sCtuzUeTo8gQK5qDZzARrulB3egtLzFgteqB2tcT4Mw7B8Kt7JcDHmltjz6FOAHsvTevk70gZEbhM4ZS9Q==",
      "dev": true
    },
    "p-map": {
      "version": "2.1.0",
      "resolved": "https://registry.npmjs.org/p-map/-/p-map-2.1.0.tgz",
      "integrity": "sha512-y3b8Kpd8OAN444hxfBbFfj1FY/RjtTd8tzYwhUqNYXx0fXx2iX4maP4Qr6qhIKbQXI02wTLAda4fYUbDagTUFw==",
      "dev": true
    },
    "path-parse": {
      "version": "1.0.7",
      "resolved": "https://registry.npmjs.org/path-parse/-/path-parse-1.0.7.tgz",
      "integrity": "sha512-LDJzPVEEEPR+y48z93A0Ed0yXb8pAByGWo/k5YYdYgpY2/2EsOsksJrq7lOHxryrVOn1ejG6oAp8ahvOIQD8sw==",
      "dev": true
    },
    "picomatch": {
      "version": "2.3.0",
      "resolved": "https://registry.npmjs.org/picomatch/-/picomatch-2.3.0.tgz",
      "integrity": "sha512-lY1Q/PiJGC2zOv/z391WOTD+Z02bCgsFfvxoXXf6h7kv9o+WmsmzYqrAwY63sNgOxE4xEdq0WyUnXfKeBrSvYw==",
      "dev": true
    },
    "punycode": {
      "version": "2.1.1",
      "resolved": "https://registry.npmjs.org/punycode/-/punycode-2.1.1.tgz",
      "integrity": "sha512-XRsRjdf+j5ml+y/6GKHPZbrF/8p2Yga0JPtdqTIY2Xe5ohJPD9saDJJLPvp9+NSBprVvevdXZybnj2cv8OEd0A==",
      "dev": true
    },
    "pvtsutils": {
      "version": "1.2.0",
      "resolved": "https://registry.npmjs.org/pvtsutils/-/pvtsutils-1.2.0.tgz",
      "integrity": "sha512-IDefMJEQl7HX0FP2hIKJFnAR11klP1js2ixCrOaMhe3kXFK6RQ2ABUCuwWaaD4ib0hSbh2fGTICvWJJhDfNecA==",
      "dev": true,
      "requires": {
        "tslib": "^2.2.0"
      }
    },
    "pvutils": {
      "version": "1.0.17",
      "resolved": "https://registry.npmjs.org/pvutils/-/pvutils-1.0.17.tgz",
      "integrity": "sha512-wLHYUQxWaXVQvKnwIDWFVKDJku9XDCvyhhxoq8dc5MFdIlRenyPI9eSfEtcvgHgD7FlvCyGAlWgOzRnZD99GZQ==",
      "dev": true
    },
    "queue-microtask": {
      "version": "1.2.3",
      "resolved": "https://registry.npmjs.org/queue-microtask/-/queue-microtask-1.2.3.tgz",
      "integrity": "sha512-NuaNSa6flKT5JaSYQzJok04JzTL1CA6aGhv5rfLW3PgqA+M2ChpZQnAC8h8i4ZFkBS8X5RqkDBHA7r4hej3K9A==",
      "dev": true
    },
    "readdirp": {
      "version": "3.6.0",
      "resolved": "https://registry.npmjs.org/readdirp/-/readdirp-3.6.0.tgz",
      "integrity": "sha512-hOS089on8RduqdbhvQ5Z37A0ESjsqz6qnRcffsMU3495FuTdqSm+7bhJ29JvIOsBDEEnan5DPu9t3To9VRlMzA==",
      "dev": true,
      "requires": {
        "picomatch": "^2.2.1"
      }
    },
    "redis-commands": {
      "version": "1.7.0",
      "resolved": "https://registry.npmjs.org/redis-commands/-/redis-commands-1.7.0.tgz",
      "integrity": "sha512-nJWqw3bTFy21hX/CPKHth6sfhZbdiHP6bTawSgQBlKOVRG7EZkfHbbHwQJnrE4vsQf0CMNE+3gJ4Fmm16vdVlQ==",
      "dev": true
    },
    "redis-errors": {
      "version": "1.2.0",
      "resolved": "https://registry.npmjs.org/redis-errors/-/redis-errors-1.2.0.tgz",
      "integrity": "sha1-62LSrbFeTq9GEMBK/hUpOEJQq60=",
      "dev": true
    },
    "redis-parser": {
      "version": "3.0.0",
      "resolved": "https://registry.npmjs.org/redis-parser/-/redis-parser-3.0.0.tgz",
      "integrity": "sha1-tm2CjNyv5rS4pCin3vTGvKwxyLQ=",
      "dev": true,
      "requires": {
        "redis-errors": "^1.0.0"
      }
    },
    "require-directory": {
      "version": "2.1.1",
      "resolved": "https://registry.npmjs.org/require-directory/-/require-directory-2.1.1.tgz",
      "integrity": "sha1-jGStX9MNqxyXbiNE/+f3kqam30I=",
      "dev": true
    },
    "reserved-words": {
      "version": "0.1.2",
      "resolved": "https://registry.npmjs.org/reserved-words/-/reserved-words-0.1.2.tgz",
      "integrity": "sha1-AKCUD5jNUBrqqsMWQR2a3FKzGrE=",
      "dev": true
    },
    "resolve": {
      "version": "1.20.0",
      "resolved": "https://registry.npmjs.org/resolve/-/resolve-1.20.0.tgz",
      "integrity": "sha512-wENBPt4ySzg4ybFQW2TT1zMQucPK95HSh/nq2CFTZVOGut2+pQvSsgtda4d26YrYcr067wjbmzOG8byDPBX63A==",
      "dev": true,
      "requires": {
        "is-core-module": "^2.2.0",
        "path-parse": "^1.0.6"
      }
    },
    "reusify": {
      "version": "1.0.4",
      "resolved": "https://registry.npmjs.org/reusify/-/reusify-1.0.4.tgz",
      "integrity": "sha512-U9nH88a3fc/ekCF1l0/UP1IosiuIjyTh7hBvXVMHYgVcfGvt897Xguj2UOLDeI5BG2m7/uwyaLVT6fbtCwTyzw==",
      "dev": true
    },
    "run-parallel": {
      "version": "1.2.0",
      "resolved": "https://registry.npmjs.org/run-parallel/-/run-parallel-1.2.0.tgz",
      "integrity": "sha512-5l4VyZR86LZ/lDxZTR6jqL8AFE2S0IFLMP26AbjsLVADxHdhB/c0GUsH+y39UfCi3dzz8OlQuPmnaJOMoDHQBA==",
      "dev": true,
      "requires": {
        "queue-microtask": "^1.2.2"
      }
    },
    "sanitize-filename": {
      "version": "1.6.3",
      "resolved": "https://registry.npmjs.org/sanitize-filename/-/sanitize-filename-1.6.3.tgz",
      "integrity": "sha512-y/52Mcy7aw3gRm7IrcGDFx/bCk4AhRh2eI9luHOQM86nZsqwiRkkq2GekHXBBD+SmPidc8i2PqtYZl+pWJ8Oeg==",
      "dev": true,
      "requires": {
        "truncate-utf8-bytes": "^1.0.0"
      }
    },
    "selfsigned": {
      "version": "1.10.11",
      "resolved": "https://registry.npmjs.org/selfsigned/-/selfsigned-1.10.11.tgz",
      "integrity": "sha512-aVmbPOfViZqOZPgRBT0+3u4yZFHpmnIghLMlAcb5/xhp5ZtB/RVnKhz5vl2M32CLXAqR4kha9zfhNg0Lf/sxKA==",
      "dev": true,
      "requires": {
        "node-forge": "^0.10.0"
      }
    },
    "semiver": {
      "version": "1.1.0",
      "resolved": "https://registry.npmjs.org/semiver/-/semiver-1.1.0.tgz",
      "integrity": "sha512-QNI2ChmuioGC1/xjyYwyZYADILWyW6AmS1UH6gDj/SFUUUS4MBAWs/7mxnkRPc/F4iHezDP+O8t0dO8WHiEOdg==",
      "dev": true
    },
    "source-map": {
      "version": "0.6.1",
      "resolved": "https://registry.npmjs.org/source-map/-/source-map-0.6.1.tgz",
      "integrity": "sha512-UjgapumWlbMhkBgzT7Ykc5YXUT46F0iKu8SGXq0bcwP5dz/h0Plj6enJqjz1Zbq2l5WaqYnrVbwWOWMyF3F47g==",
      "dev": true
    },
    "source-map-support": {
      "version": "0.5.20",
      "resolved": "https://registry.npmjs.org/source-map-support/-/source-map-support-0.5.20.tgz",
      "integrity": "sha512-n1lZZ8Ve4ksRqizaBQgxXDgKwttHDhyfQjA6YZZn8+AroHbsIz+JjwxQDxbp+7y5OYCI8t1Yk7etjD9CRd2hIw==",
      "dev": true,
      "requires": {
        "buffer-from": "^1.0.0",
        "source-map": "^0.6.0"
      }
    },
    "stack-trace": {
      "version": "0.0.10",
      "resolved": "https://registry.npmjs.org/stack-trace/-/stack-trace-0.0.10.tgz",
      "integrity": "sha1-VHxws0fo0ytOEI6hoqFZ5f3eGcA=",
      "dev": true
    },
    "standard-as-callback": {
      "version": "2.1.0",
      "resolved": "https://registry.npmjs.org/standard-as-callback/-/standard-as-callback-2.1.0.tgz",
      "integrity": "sha512-qoRRSyROncaz1z0mvYqIE4lCd9p2R90i6GxW3uZv5ucSu8tU7B5HXUP1gG8pVZsYNVaXjk8ClXHPttLyxAL48A==",
      "dev": true
    },
    "streamsearch": {
      "version": "0.1.2",
      "resolved": "https://registry.npmjs.org/streamsearch/-/streamsearch-0.1.2.tgz",
      "integrity": "sha1-gIudDlb8Jz2Am6VzOOkpkZoanxo=",
      "dev": true
    },
    "string-width": {
      "version": "4.2.2",
      "resolved": "https://registry.npmjs.org/string-width/-/string-width-4.2.2.tgz",
      "integrity": "sha512-XBJbT3N4JhVumXE0eoLU9DCjcaF92KLNqTmFCnG1pf8duUxFGwtP6AD6nkjw9a3IdiRtL3E2w3JDiE/xi3vOeA==",
      "dev": true,
      "requires": {
        "emoji-regex": "^8.0.0",
        "is-fullwidth-code-point": "^3.0.0",
        "strip-ansi": "^6.0.0"
      }
    },
    "strip-ansi": {
      "version": "6.0.0",
      "resolved": "https://registry.npmjs.org/strip-ansi/-/strip-ansi-6.0.0.tgz",
      "integrity": "sha512-AuvKTrTfQNYNIctbR1K/YGTR1756GycPsg7b9bdV9Duqur4gv6aKqHXah67Z8ImS7WEz5QVcOtlfW2rZEugt6w==",
      "dev": true,
      "requires": {
        "ansi-regex": "^5.0.0"
      }
    },
    "supports-color": {
      "version": "7.2.0",
      "resolved": "https://registry.npmjs.org/supports-color/-/supports-color-7.2.0.tgz",
      "integrity": "sha512-qpCAvRl9stuOHveKsn7HncJRvv501qIacKzQlO/+Lwxc9+0q2wLyv4Dfvt80/DPn2pqOBsJdDiogXGR9+OvwRw==",
      "dev": true,
      "requires": {
        "has-flag": "^4.0.0"
      }
    },
    "to-regex-range": {
      "version": "5.0.1",
      "resolved": "https://registry.npmjs.org/to-regex-range/-/to-regex-range-5.0.1.tgz",
      "integrity": "sha512-65P7iz6X5yEr1cwcgvQxbbIw7Uk3gOy5dIdtZ4rDveLqhrdJP+Li/Hx6tyK0NEb+2GCyneCMJiGqrADCSNk8sQ==",
      "dev": true,
      "requires": {
        "is-number": "^7.0.0"
      }
    },
    "tr46": {
      "version": "2.1.0",
      "resolved": "https://registry.npmjs.org/tr46/-/tr46-2.1.0.tgz",
      "integrity": "sha512-15Ih7phfcdP5YxqiB+iDtLoaTz4Nd35+IiAv0kQ5FNKHzXgdWqPoTIqEDDJmXceQt4JZk6lVPT8lnDlPpGDppw==",
      "dev": true,
      "requires": {
        "punycode": "^2.1.1"
      }
    },
    "truncate-utf8-bytes": {
      "version": "1.0.2",
      "resolved": "https://registry.npmjs.org/truncate-utf8-bytes/-/truncate-utf8-bytes-1.0.2.tgz",
      "integrity": "sha1-QFkjkJWS1W94pYGENLC3hInKXys=",
      "dev": true,
      "requires": {
        "utf8-byte-length": "^1.0.1"
      }
    },
    "tslib": {
      "version": "2.3.1",
      "resolved": "https://registry.npmjs.org/tslib/-/tslib-2.3.1.tgz",
      "integrity": "sha512-77EbyPPpMz+FRFRuAFlWMtmgUWGe9UOG2Z25NqCwiIjRhOf5iKGuzSe5P2w1laq+FkRy4p+PCuVkJSGkzTEKVw==",
      "dev": true
    },
    "typescript": {
      "version": "4.4.3",
      "resolved": "https://registry.npmjs.org/typescript/-/typescript-4.4.3.tgz",
      "integrity": "sha512-4xfscpisVgqqDfPaJo5vkd+Qd/ItkoagnHpufr+i2QCHBsNYp+G7UAoyFl8aPtx879u38wPV65rZ8qbGZijalA==",
      "dev": true
    },
    "typeson": {
      "version": "6.1.0",
      "resolved": "https://registry.npmjs.org/typeson/-/typeson-6.1.0.tgz",
      "integrity": "sha512-6FTtyGr8ldU0pfbvW/eOZrEtEkczHRUtduBnA90Jh9kMPCiFNnXIon3vF41N0S4tV1HHQt4Hk1j4srpESziCaA==",
      "dev": true
    },
    "typeson-registry": {
      "version": "1.0.0-alpha.39",
      "resolved": "https://registry.npmjs.org/typeson-registry/-/typeson-registry-1.0.0-alpha.39.tgz",
      "integrity": "sha512-NeGDEquhw+yfwNhguLPcZ9Oj0fzbADiX4R0WxvoY8nGhy98IbzQy1sezjoEFWOywOboj/DWehI+/aUlRVrJnnw==",
      "dev": true,
      "requires": {
        "base64-arraybuffer-es6": "^0.7.0",
        "typeson": "^6.0.0",
        "whatwg-url": "^8.4.0"
      }
    },
    "tz-offset": {
      "version": "0.0.1",
      "resolved": "https://registry.npmjs.org/tz-offset/-/tz-offset-0.0.1.tgz",
      "integrity": "sha512-kMBmblijHJXyOpKzgDhKx9INYU4u4E1RPMB0HqmKSgWG8vEcf3exEfLh4FFfzd3xdQOw9EuIy/cP0akY6rHopQ==",
      "dev": true
    },
    "utf8-byte-length": {
      "version": "1.0.4",
      "resolved": "https://registry.npmjs.org/utf8-byte-length/-/utf8-byte-length-1.0.4.tgz",
      "integrity": "sha1-9F8VDExm7uloGGUFq5P8u4rWv2E=",
      "dev": true
    },
    "web-streams-polyfill": {
      "version": "3.1.1",
      "resolved": "https://registry.npmjs.org/web-streams-polyfill/-/web-streams-polyfill-3.1.1.tgz",
      "integrity": "sha512-Czi3fG883e96T4DLEPRvufrF2ydhOOW1+1a6c3gNjH2aIh50DNFBdfwh2AKoOf1rXvpvavAoA11Qdq9+BKjE0Q==",
      "dev": true
    },
    "webcrypto-core": {
      "version": "1.2.1",
      "resolved": "https://registry.npmjs.org/webcrypto-core/-/webcrypto-core-1.2.1.tgz",
      "integrity": "sha512-5+h1/e/A4eegCRTg+oQ9ehTJRTMwFhZazJ2RH1FP0VC3q1/0xl7x6SzzTwPxd/VTGc7kjuSEJGnfNgoLe5jNRQ==",
      "dev": true,
      "requires": {
        "@peculiar/asn1-schema": "^2.0.38",
        "@peculiar/json-schema": "^1.1.12",
        "asn1js": "^2.1.1",
        "pvtsutils": "^1.2.0",
        "tslib": "^2.3.1"
      }
    },
    "webidl-conversions": {
      "version": "6.1.0",
      "resolved": "https://registry.npmjs.org/webidl-conversions/-/webidl-conversions-6.1.0.tgz",
      "integrity": "sha512-qBIvFLGiBpLjfwmYAaHPXsn+ho5xZnGvyGvsarywGNc8VyQJUMHJ8OBKGGrPER0okBeMDaan4mNBlgBROxuI8w==",
      "dev": true
    },
    "whatwg-url": {
      "version": "8.7.0",
      "resolved": "https://registry.npmjs.org/whatwg-url/-/whatwg-url-8.7.0.tgz",
      "integrity": "sha512-gAojqb/m9Q8a5IV96E3fHJM70AzCkgt4uXYX2O7EmuyOnLrViCQlsEBmF9UQIu3/aeAIp2U17rtbpZWNntQqdg==",
      "dev": true,
      "requires": {
        "lodash": "^4.7.0",
        "tr46": "^2.1.0",
        "webidl-conversions": "^6.1.0"
      }
    },
    "wrap-ansi": {
      "version": "7.0.0",
      "resolved": "https://registry.npmjs.org/wrap-ansi/-/wrap-ansi-7.0.0.tgz",
      "integrity": "sha512-YVGIj2kamLSTxw6NsZjoBxfSwsn0ycdesmc4p+Q21c5zPuZ1pl+NfxVdxPtdHvmNVOQ6XSYG4AUtyt/Fi7D16Q==",
      "dev": true,
      "requires": {
        "ansi-styles": "^4.0.0",
        "string-width": "^4.1.0",
        "strip-ansi": "^6.0.0"
      }
    },
    "ws": {
      "version": "7.5.5",
      "resolved": "https://registry.npmjs.org/ws/-/ws-7.5.5.tgz",
      "integrity": "sha512-BAkMFcAzl8as1G/hArkxOxq3G7pjUqQ3gzYbLL0/5zNkph70e+lCoxBGnm6AW1+/aiNeV4fnKqZ8m4GZewmH2w==",
      "dev": true
    },
    "y18n": {
      "version": "5.0.8",
      "resolved": "https://registry.npmjs.org/y18n/-/y18n-5.0.8.tgz",
      "integrity": "sha512-0pfFzegeDWJHJIAmTLRP2DwHjdF5s7jo9tuztdQxAhINCdvS+3nGINqPd00AphqJR/0LhANUS6/+7SCb98YOfA==",
      "dev": true
    },
    "yargs": {
      "version": "16.2.0",
      "resolved": "https://registry.npmjs.org/yargs/-/yargs-16.2.0.tgz",
      "integrity": "sha512-D1mvvtDG0L5ft/jGWkLpG1+m0eQxOfaBvTNELraWj22wSVUMWxZUvYgJYcKh6jGGIkJFhH4IZPQhR4TKpc8mBw==",
      "dev": true,
      "requires": {
        "cliui": "^7.0.2",
        "escalade": "^3.1.1",
        "get-caller-file": "^2.0.5",
        "require-directory": "^2.1.1",
        "string-width": "^4.2.0",
        "y18n": "^5.0.5",
        "yargs-parser": "^20.2.2"
      }
    },
    "yargs-parser": {
      "version": "20.2.9",
      "resolved": "https://registry.npmjs.org/yargs-parser/-/yargs-parser-20.2.9.tgz",
      "integrity": "sha512-y11nGElTIV+CT3Zv9t7VKl+Q3hTQoT9a1Qzezhhl6Rp21gJ/IVTW7Z3y9EWXhuUBC2Shnf+DX0antecpAwSP8w==",
      "dev": true
    },
    "youch": {
      "version": "2.2.2",
      "resolved": "https://registry.npmjs.org/youch/-/youch-2.2.2.tgz",
      "integrity": "sha512-/FaCeG3GkuJwaMR34GHVg0l8jCbafZLHiFowSjqLlqhC6OMyf2tPJBu8UirF7/NI9X/R5ai4QfEKUCOxMAGxZQ==",
      "dev": true,
      "requires": {
        "@types/stack-trace": "0.0.29",
        "cookie": "^0.4.1",
        "mustache": "^4.2.0",
        "stack-trace": "0.0.10"
      }
    }
  }
}
